
Microsoft Visual Studio Solution File, Format Version 12.00
# Visual Studio Version 16
VisualStudioVersion = 16.0.29613.14
MinimumVisualStudioVersion = 10.0.40219.1
Project("{FAE04EC0-301F-11D3-BF4B-00C04F79EFBC}") = "BoulderDash", "BoulderDash.csproj", "{428DF9FB-72C4-4966-98E8-9873003650A3}"
EndProject
Global
	GlobalSection(SolutionConfigurationPlatforms) = preSolution
		Debug|Any CPU = Debug|Any CPU
		Release|Any CPU = Release|Any CPU
	EndGlobalSection
	GlobalSection(ProjectConfigurationPlatforms) = postSolution
		{428DF9FB-72C4-4966-98E8-9873003650A3}.Debug|Any CPU.ActiveCfg = Debug|Any CPU
		{428DF9FB-72C4-4966-98E8-9873003650A3}.Debug|Any CPU.Build.0 = Debug|Any CPU
		{428DF9FB-72C4-4966-98E8-9873003650A3}.Release|Any CPU.ActiveCfg = Release|Any CPU
		{428DF9FB-72C4-4966-98E8-9873003650A3}.Release|Any CPU.Build.0 = Release|Any CPU
	EndGlobalSection
	GlobalSection(SolutionProperties) = preSolution
		HideSolutionNode = FALSE
	EndGlobalSection
	GlobalSection(ExtensibilityGlobals) = postSolution
		SolutionGuid = {D727BB62-514B-4846-8411-5474A7759A75}
	EndGlobalSection
EndGlobal
